
Microsoft Visual Studio Solution File, Format Version 12.00
# Visual Studio Version 16
VisualStudioVersion = 16.0.30804.86
MinimumVisualStudioVersion = 10.0.40219.1
Project("{8BC9CEB8-8B4A-11D0-8D11-00A0C91BC942}") = "receiver-proton", "receiver-proton\receiver-proton.vcxproj", "{548FB6B9-44FB-4382-8074-0EE79E623DD9}"
EndProject
Project("{8BC9CEB8-8B4A-11D0-8D11-00A0C91BC942}") = "sender-proton", "sender-proton\sender-proton.vcxproj", "{4610D387-1A3E-4E41-869F-E37BFAA7CDCA}"
EndProject
Project("{8BC9CEB8-8B4A-11D0-8D11-00A0C91BC942}") = "receiver-activemq-cms", "activemq-cms-receiver\activemq-cms-receiver.vcxproj", "{0F12DB32-1BD8-4B13-ABA2-890F4CC7BF2D}"
EndProject
Project("{8BC9CEB8-8B4A-11D0-8D11-00A0C91BC942}") = "sender-activemq-cms", "sender-activemq-cms\sender-activemq-cms.vcxproj", "{18FD1652-33B9-428E-8A41-9216510C11A6}"
EndProject
Project("{8BC9CEB8-8B4A-11D0-8D11-00A0C91BC942}") = "push-srv-prd", "prd-push-srv\prd-push-srv.vcxproj", "{BB9D079B-18E2-49A3-ACA8-91693AB2AA45}"
EndProject
Project("{8BC9CEB8-8B4A-11D0-8D11-00A0C91BC942}") = "push-srv-cns", "push-srv-cns\push-srv-cns.vcxproj", "{BD8A4B77-E81F-4B34-B311-802E90BB68C5}"
EndProject
Project("{8BC9CEB8-8B4A-11D0-8D11-00A0C91BC942}") = "tickerplan-prd", "tickerplan-prd\tickerplan-prd.vcxproj", "{9F5204AF-72FD-4197-A20E-7E2A8C0566D7}"
EndProject
Project("{8BC9CEB8-8B4A-11D0-8D11-00A0C91BC942}") = "tickerplan-cns-lvq", "tickerplan-cns-lvq\tickerplan-cns-lvq.vcxproj", "{602F2ED8-4072-4559-89F8-CE8A71EBD76C}"
EndProject
Project("{8BC9CEB8-8B4A-11D0-8D11-00A0C91BC942}") = "tickerplan-cns-ticker", "tickerplan-cns-ticker\tickerplan-cns-ticker.vcxproj", "{59C3A00B-D233-415B-88D6-7070BED3A1C0}"
EndProject
Project("{8BC9CEB8-8B4A-11D0-8D11-00A0C91BC942}") = "tickerplan-cns-ticker2", "tickerplan-cns-ticker2\tickerplan-cns-ticker2.vcxproj", "{B3FF565E-6C92-4428-9349-B4160D2017CF}"
EndProject
Project("{8BC9CEB8-8B4A-11D0-8D11-00A0C91BC942}") = "tickerplan-prd2", "tickerplan-prd2\tickerplan-prd2.vcxproj", "{F880D5D7-A051-4C84-B67E-06DF567A79DD}"
EndProject
Project("{8BC9CEB8-8B4A-11D0-8D11-00A0C91BC942}") = "push-srv-cns-2", "push-srv-cns-2\push-srv-cns-2.vcxproj", "{ACA51ACA-40EC-4160-A588-A8956315FAA2}"
EndProject
Project("{8BC9CEB8-8B4A-11D0-8D11-00A0C91BC942}") = "push-srv-prd-2", "push-srv-prd-2\push-srv-prd-2.vcxproj", "{040CC128-5EE1-4B6C-8492-5F74E2D76AAF}"
EndProject
Project("{8BC9CEB8-8B4A-11D0-8D11-00A0C91BC942}") = "push-srv-proton-prd", "push-srv-proton-srv\push-srv-proton-srv.vcxproj", "{0E96D87F-83FE-4B03-A93D-18B98FA917FA}"
EndProject
Project("{8BC9CEB8-8B4A-11D0-8D11-00A0C91BC942}") = "push-srv-proton-cns", "push-srv-proton-cns\push-srv-proton-cns.vcxproj", "{99E0CB49-6540-43D6-AC68-94D35439A4FF}"
EndProject
Project("{8BC9CEB8-8B4A-11D0-8D11-00A0C91BC942}") = "proton-receiver-acknowledge", "proton-receiver-acknowledge\proton-receiver-acknowledge.vcxproj", "{84B90C54-A21F-43A6-980A-C9046BC77D88}"
EndProject
Project("{8BC9CEB8-8B4A-11D0-8D11-00A0C91BC942}") = "proton-tickerplan-cns", "proton-tickerplan-cns\proton-tickerplan-cns.vcxproj", "{949C0CC4-AA5C-48B5-B0E4-11DF512E6B37}"
EndProject
Global
	GlobalSection(SolutionConfigurationPlatforms) = preSolution
		Debug|ARM = Debug|ARM
		Debug|ARM64 = Debug|ARM64
		Debug|x64 = Debug|x64
		Debug|x86 = Debug|x86
		Release|ARM = Release|ARM
		Release|ARM64 = Release|ARM64
		Release|x64 = Release|x64
		Release|x86 = Release|x86
	EndGlobalSection
	GlobalSection(ProjectConfigurationPlatforms) = postSolution
		{548FB6B9-44FB-4382-8074-0EE79E623DD9}.Debug|ARM.ActiveCfg = Debug|ARM
		{548FB6B9-44FB-4382-8074-0EE79E623DD9}.Debug|ARM.Build.0 = Debug|ARM
		{548FB6B9-44FB-4382-8074-0EE79E623DD9}.Debug|ARM.Deploy.0 = Debug|ARM
		{548FB6B9-44FB-4382-8074-0EE79E623DD9}.Debug|ARM64.ActiveCfg = Debug|ARM64
		{548FB6B9-44FB-4382-8074-0EE79E623DD9}.Debug|ARM64.Build.0 = Debug|ARM64
		{548FB6B9-44FB-4382-8074-0EE79E623DD9}.Debug|ARM64.Deploy.0 = Debug|ARM64
		{548FB6B9-44FB-4382-8074-0EE79E623DD9}.Debug|x64.ActiveCfg = Debug|x64
		{548FB6B9-44FB-4382-8074-0EE79E623DD9}.Debug|x64.Build.0 = Debug|x64
		{548FB6B9-44FB-4382-8074-0EE79E623DD9}.Debug|x64.Deploy.0 = Debug|x64
		{548FB6B9-44FB-4382-8074-0EE79E623DD9}.Debug|x86.ActiveCfg = Debug|x86
		{548FB6B9-44FB-4382-8074-0EE79E623DD9}.Debug|x86.Build.0 = Debug|x86
		{548FB6B9-44FB-4382-8074-0EE79E623DD9}.Debug|x86.Deploy.0 = Debug|x86
		{548FB6B9-44FB-4382-8074-0EE79E623DD9}.Release|ARM.ActiveCfg = Release|ARM
		{548FB6B9-44FB-4382-8074-0EE79E623DD9}.Release|ARM.Build.0 = Release|ARM
		{548FB6B9-44FB-4382-8074-0EE79E623DD9}.Release|ARM.Deploy.0 = Release|ARM
		{548FB6B9-44FB-4382-8074-0EE79E623DD9}.Release|ARM64.ActiveCfg = Release|ARM64
		{548FB6B9-44FB-4382-8074-0EE79E623DD9}.Release|ARM64.Build.0 = Release|ARM64
		{548FB6B9-44FB-4382-8074-0EE79E623DD9}.Release|ARM64.Deploy.0 = Release|ARM64
		{548FB6B9-44FB-4382-8074-0EE79E623DD9}.Release|x64.ActiveCfg = Release|x64
		{548FB6B9-44FB-4382-8074-0EE79E623DD9}.Release|x64.Build.0 = Release|x64
		{548FB6B9-44FB-4382-8074-0EE79E623DD9}.Release|x64.Deploy.0 = Release|x64
		{548FB6B9-44FB-4382-8074-0EE79E623DD9}.Release|x86.ActiveCfg = Release|x86
		{548FB6B9-44FB-4382-8074-0EE79E623DD9}.Release|x86.Build.0 = Release|x86
		{548FB6B9-44FB-4382-8074-0EE79E623DD9}.Release|x86.Deploy.0 = Release|x86
		{4610D387-1A3E-4E41-869F-E37BFAA7CDCA}.Debug|ARM.ActiveCfg = Debug|ARM
		{4610D387-1A3E-4E41-869F-E37BFAA7CDCA}.Debug|ARM.Build.0 = Debug|ARM
		{4610D387-1A3E-4E41-869F-E37BFAA7CDCA}.Debug|ARM.Deploy.0 = Debug|ARM
		{4610D387-1A3E-4E41-869F-E37BFAA7CDCA}.Debug|ARM64.ActiveCfg = Debug|ARM64
		{4610D387-1A3E-4E41-869F-E37BFAA7CDCA}.Debug|ARM64.Build.0 = Debug|ARM64
		{4610D387-1A3E-4E41-869F-E37BFAA7CDCA}.Debug|ARM64.Deploy.0 = Debug|ARM64
		{4610D387-1A3E-4E41-869F-E37BFAA7CDCA}.Debug|x64.ActiveCfg = Debug|x64
		{4610D387-1A3E-4E41-869F-E37BFAA7CDCA}.Debug|x64.Build.0 = Debug|x64
		{4610D387-1A3E-4E41-869F-E37BFAA7CDCA}.Debug|x64.Deploy.0 = Debug|x64
		{4610D387-1A3E-4E41-869F-E37BFAA7CDCA}.Debug|x86.ActiveCfg = Debug|x86
		{4610D387-1A3E-4E41-869F-E37BFAA7CDCA}.Debug|x86.Build.0 = Debug|x86
		{4610D387-1A3E-4E41-869F-E37BFAA7CDCA}.Debug|x86.Deploy.0 = Debug|x86
		{4610D387-1A3E-4E41-869F-E37BFAA7CDCA}.Release|ARM.ActiveCfg = Release|ARM
		{4610D387-1A3E-4E41-869F-E37BFAA7CDCA}.Release|ARM.Build.0 = Release|ARM
		{4610D387-1A3E-4E41-869F-E37BFAA7CDCA}.Release|ARM.Deploy.0 = Release|ARM
		{4610D387-1A3E-4E41-869F-E37BFAA7CDCA}.Release|ARM64.ActiveCfg = Release|ARM64
		{4610D387-1A3E-4E41-869F-E37BFAA7CDCA}.Release|ARM64.Build.0 = Release|ARM64
		{4610D387-1A3E-4E41-869F-E37BFAA7CDCA}.Release|ARM64.Deploy.0 = Release|ARM64
		{4610D387-1A3E-4E41-869F-E37BFAA7CDCA}.Release|x64.ActiveCfg = Release|x64
		{4610D387-1A3E-4E41-869F-E37BFAA7CDCA}.Release|x64.Build.0 = Release|x64
		{4610D387-1A3E-4E41-869F-E37BFAA7CDCA}.Release|x64.Deploy.0 = Release|x64
		{4610D387-1A3E-4E41-869F-E37BFAA7CDCA}.Release|x86.ActiveCfg = Release|x86
		{4610D387-1A3E-4E41-869F-E37BFAA7CDCA}.Release|x86.Build.0 = Release|x86
		{4610D387-1A3E-4E41-869F-E37BFAA7CDCA}.Release|x86.Deploy.0 = Release|x86
		{0F12DB32-1BD8-4B13-ABA2-890F4CC7BF2D}.Debug|ARM.ActiveCfg = Debug|ARM
		{0F12DB32-1BD8-4B13-ABA2-890F4CC7BF2D}.Debug|ARM.Build.0 = Debug|ARM
		{0F12DB32-1BD8-4B13-ABA2-890F4CC7BF2D}.Debug|ARM.Deploy.0 = Debug|ARM
		{0F12DB32-1BD8-4B13-ABA2-890F4CC7BF2D}.Debug|ARM64.ActiveCfg = Debug|ARM64
		{0F12DB32-1BD8-4B13-ABA2-890F4CC7BF2D}.Debug|ARM64.Build.0 = Debug|ARM64
		{0F12DB32-1BD8-4B13-ABA2-890F4CC7BF2D}.Debug|ARM64.Deploy.0 = Debug|ARM64
		{0F12DB32-1BD8-4B13-ABA2-890F4CC7BF2D}.Debug|x64.ActiveCfg = Debug|x64
		{0F12DB32-1BD8-4B13-ABA2-890F4CC7BF2D}.Debug|x64.Build.0 = Debug|x64
		{0F12DB32-1BD8-4B13-ABA2-890F4CC7BF2D}.Debug|x64.Deploy.0 = Debug|x64
		{0F12DB32-1BD8-4B13-ABA2-890F4CC7BF2D}.Debug|x86.ActiveCfg = Debug|x86
		{0F12DB32-1BD8-4B13-ABA2-890F4CC7BF2D}.Debug|x86.Build.0 = Debug|x86
		{0F12DB32-1BD8-4B13-ABA2-890F4CC7BF2D}.Debug|x86.Deploy.0 = Debug|x86
		{0F12DB32-1BD8-4B13-ABA2-890F4CC7BF2D}.Release|ARM.ActiveCfg = Release|ARM
		{0F12DB32-1BD8-4B13-ABA2-890F4CC7BF2D}.Release|ARM.Build.0 = Release|ARM
		{0F12DB32-1BD8-4B13-ABA2-890F4CC7BF2D}.Release|ARM.Deploy.0 = Release|ARM
		{0F12DB32-1BD8-4B13-ABA2-890F4CC7BF2D}.Release|ARM64.ActiveCfg = Release|ARM64
		{0F12DB32-1BD8-4B13-ABA2-890F4CC7BF2D}.Release|ARM64.Build.0 = Release|ARM64
		{0F12DB32-1BD8-4B13-ABA2-890F4CC7BF2D}.Release|ARM64.Deploy.0 = Release|ARM64
		{0F12DB32-1BD8-4B13-ABA2-890F4CC7BF2D}.Release|x64.ActiveCfg = Release|x64
		{0F12DB32-1BD8-4B13-ABA2-890F4CC7BF2D}.Release|x64.Build.0 = Release|x64
		{0F12DB32-1BD8-4B13-ABA2-890F4CC7BF2D}.Release|x64.Deploy.0 = Release|x64
		{0F12DB32-1BD8-4B13-ABA2-890F4CC7BF2D}.Release|x86.ActiveCfg = Release|x86
		{0F12DB32-1BD8-4B13-ABA2-890F4CC7BF2D}.Release|x86.Build.0 = Release|x86
		{0F12DB32-1BD8-4B13-ABA2-890F4CC7BF2D}.Release|x86.Deploy.0 = Release|x86
		{18FD1652-33B9-428E-8A41-9216510C11A6}.Debug|ARM.ActiveCfg = Debug|ARM
		{18FD1652-33B9-428E-8A41-9216510C11A6}.Debug|ARM.Build.0 = Debug|ARM
		{18FD1652-33B9-428E-8A41-9216510C11A6}.Debug|ARM.Deploy.0 = Debug|ARM
		{18FD1652-33B9-428E-8A41-9216510C11A6}.Debug|ARM64.ActiveCfg = Debug|ARM64
		{18FD1652-33B9-428E-8A41-9216510C11A6}.Debug|ARM64.Build.0 = Debug|ARM64
		{18FD1652-33B9-428E-8A41-9216510C11A6}.Debug|ARM64.Deploy.0 = Debug|ARM64
		{18FD1652-33B9-428E-8A41-9216510C11A6}.Debug|x64.ActiveCfg = Debug|x64
		{18FD1652-33B9-428E-8A41-9216510C11A6}.Debug|x64.Build.0 = Debug|x64
		{18FD1652-33B9-428E-8A41-9216510C11A6}.Debug|x64.Deploy.0 = Debug|x64
		{18FD1652-33B9-428E-8A41-9216510C11A6}.Debug|x86.ActiveCfg = Debug|x86
		{18FD1652-33B9-428E-8A41-9216510C11A6}.Debug|x86.Build.0 = Debug|x86
		{18FD1652-33B9-428E-8A41-9216510C11A6}.Debug|x86.Deploy.0 = Debug|x86
		{18FD1652-33B9-428E-8A41-9216510C11A6}.Release|ARM.ActiveCfg = Release|ARM
		{18FD1652-33B9-428E-8A41-9216510C11A6}.Release|ARM.Build.0 = Release|ARM
		{18FD1652-33B9-428E-8A41-9216510C11A6}.Release|ARM.Deploy.0 = Release|ARM
		{18FD1652-33B9-428E-8A41-9216510C11A6}.Release|ARM64.ActiveCfg = Release|ARM64
		{18FD1652-33B9-428E-8A41-9216510C11A6}.Release|ARM64.Build.0 = Release|ARM64
		{18FD1652-33B9-428E-8A41-9216510C11A6}.Release|ARM64.Deploy.0 = Release|ARM64
		{18FD1652-33B9-428E-8A41-9216510C11A6}.Release|x64.ActiveCfg = Release|x64
		{18FD1652-33B9-428E-8A41-9216510C11A6}.Release|x64.Build.0 = Release|x64
		{18FD1652-33B9-428E-8A41-9216510C11A6}.Release|x64.Deploy.0 = Release|x64
		{18FD1652-33B9-428E-8A41-9216510C11A6}.Release|x86.ActiveCfg = Release|x86
		{18FD1652-33B9-428E-8A41-9216510C11A6}.Release|x86.Build.0 = Release|x86
		{18FD1652-33B9-428E-8A41-9216510C11A6}.Release|x86.Deploy.0 = Release|x86
		{BB9D079B-18E2-49A3-ACA8-91693AB2AA45}.Debug|ARM.ActiveCfg = Debug|ARM
		{BB9D079B-18E2-49A3-ACA8-91693AB2AA45}.Debug|ARM.Build.0 = Debug|ARM
		{BB9D079B-18E2-49A3-ACA8-91693AB2AA45}.Debug|ARM.Deploy.0 = Debug|ARM
		{BB9D079B-18E2-49A3-ACA8-91693AB2AA45}.Debug|ARM64.ActiveCfg = Debug|ARM64
		{BB9D079B-18E2-49A3-ACA8-91693AB2AA45}.Debug|ARM64.Build.0 = Debug|ARM64
		{BB9D079B-18E2-49A3-ACA8-91693AB2AA45}.Debug|ARM64.Deploy.0 = Debug|ARM64
		{BB9D079B-18E2-49A3-ACA8-91693AB2AA45}.Debug|x64.ActiveCfg = Debug|x64
		{BB9D079B-18E2-49A3-ACA8-91693AB2AA45}.Debug|x64.Build.0 = Debug|x64
		{BB9D079B-18E2-49A3-ACA8-91693AB2AA45}.Debug|x64.Deploy.0 = Debug|x64
		{BB9D079B-18E2-49A3-ACA8-91693AB2AA45}.Debug|x86.ActiveCfg = Debug|x86
		{BB9D079B-18E2-49A3-ACA8-91693AB2AA45}.Debug|x86.Build.0 = Debug|x86
		{BB9D079B-18E2-49A3-ACA8-91693AB2AA45}.Debug|x86.Deploy.0 = Debug|x86
		{BB9D079B-18E2-49A3-ACA8-91693AB2AA45}.Release|ARM.ActiveCfg = Release|ARM
		{BB9D079B-18E2-49A3-ACA8-91693AB2AA45}.Release|ARM.Build.0 = Release|ARM
		{BB9D079B-18E2-49A3-ACA8-91693AB2AA45}.Release|ARM.Deploy.0 = Release|ARM
		{BB9D079B-18E2-49A3-ACA8-91693AB2AA45}.Release|ARM64.ActiveCfg = Release|ARM64
		{BB9D079B-18E2-49A3-ACA8-91693AB2AA45}.Release|ARM64.Build.0 = Release|ARM64
		{BB9D079B-18E2-49A3-ACA8-91693AB2AA45}.Release|ARM64.Deploy.0 = Release|ARM64
		{BB9D079B-18E2-49A3-ACA8-91693AB2AA45}.Release|x64.ActiveCfg = Release|x64
		{BB9D079B-18E2-49A3-ACA8-91693AB2AA45}.Release|x64.Build.0 = Release|x64
		{BB9D079B-18E2-49A3-ACA8-91693AB2AA45}.Release|x64.Deploy.0 = Release|x64
		{BB9D079B-18E2-49A3-ACA8-91693AB2AA45}.Release|x86.ActiveCfg = Release|x86
		{BB9D079B-18E2-49A3-ACA8-91693AB2AA45}.Release|x86.Build.0 = Release|x86
		{BB9D079B-18E2-49A3-ACA8-91693AB2AA45}.Release|x86.Deploy.0 = Release|x86
		{BD8A4B77-E81F-4B34-B311-802E90BB68C5}.Debug|ARM.ActiveCfg = Debug|ARM
		{BD8A4B77-E81F-4B34-B311-802E90BB68C5}.Debug|ARM.Build.0 = Debug|ARM
		{BD8A4B77-E81F-4B34-B311-802E90BB68C5}.Debug|ARM.Deploy.0 = Debug|ARM
		{BD8A4B77-E81F-4B34-B311-802E90BB68C5}.Debug|ARM64.ActiveCfg = Debug|ARM64
		{BD8A4B77-E81F-4B34-B311-802E90BB68C5}.Debug|ARM64.Build.0 = Debug|ARM64
		{BD8A4B77-E81F-4B34-B311-802E90BB68C5}.Debug|ARM64.Deploy.0 = Debug|ARM64
		{BD8A4B77-E81F-4B34-B311-802E90BB68C5}.Debug|x64.ActiveCfg = Debug|x64
		{BD8A4B77-E81F-4B34-B311-802E90BB68C5}.Debug|x64.Build.0 = Debug|x64
		{BD8A4B77-E81F-4B34-B311-802E90BB68C5}.Debug|x64.Deploy.0 = Debug|x64
		{BD8A4B77-E81F-4B34-B311-802E90BB68C5}.Debug|x86.ActiveCfg = Debug|x86
		{BD8A4B77-E81F-4B34-B311-802E90BB68C5}.Debug|x86.Build.0 = Debug|x86
		{BD8A4B77-E81F-4B34-B311-802E90BB68C5}.Debug|x86.Deploy.0 = Debug|x86
		{BD8A4B77-E81F-4B34-B311-802E90BB68C5}.Release|ARM.ActiveCfg = Release|ARM
		{BD8A4B77-E81F-4B34-B311-802E90BB68C5}.Release|ARM.Build.0 = Release|ARM
		{BD8A4B77-E81F-4B34-B311-802E90BB68C5}.Release|ARM.Deploy.0 = Release|ARM
		{BD8A4B77-E81F-4B34-B311-802E90BB68C5}.Release|ARM64.ActiveCfg = Release|ARM64
		{BD8A4B77-E81F-4B34-B311-802E90BB68C5}.Release|ARM64.Build.0 = Release|ARM64
		{BD8A4B77-E81F-4B34-B311-802E90BB68C5}.Release|ARM64.Deploy.0 = Release|ARM64
		{BD8A4B77-E81F-4B34-B311-802E90BB68C5}.Release|x64.ActiveCfg = Release|x64
		{BD8A4B77-E81F-4B34-B311-802E90BB68C5}.Release|x64.Build.0 = Release|x64
		{BD8A4B77-E81F-4B34-B311-802E90BB68C5}.Release|x64.Deploy.0 = Release|x64
		{BD8A4B77-E81F-4B34-B311-802E90BB68C5}.Release|x86.ActiveCfg = Release|x86
		{BD8A4B77-E81F-4B34-B311-802E90BB68C5}.Release|x86.Build.0 = Release|x86
		{BD8A4B77-E81F-4B34-B311-802E90BB68C5}.Release|x86.Deploy.0 = Release|x86
		{9F5204AF-72FD-4197-A20E-7E2A8C0566D7}.Debug|ARM.ActiveCfg = Debug|ARM
		{9F5204AF-72FD-4197-A20E-7E2A8C0566D7}.Debug|ARM.Build.0 = Debug|ARM
		{9F5204AF-72FD-4197-A20E-7E2A8C0566D7}.Debug|ARM.Deploy.0 = Debug|ARM
		{9F5204AF-72FD-4197-A20E-7E2A8C0566D7}.Debug|ARM64.ActiveCfg = Debug|ARM64
		{9F5204AF-72FD-4197-A20E-7E2A8C0566D7}.Debug|ARM64.Build.0 = Debug|ARM64
		{9F5204AF-72FD-4197-A20E-7E2A8C0566D7}.Debug|ARM64.Deploy.0 = Debug|ARM64
		{9F5204AF-72FD-4197-A20E-7E2A8C0566D7}.Debug|x64.ActiveCfg = Debug|x64
		{9F5204AF-72FD-4197-A20E-7E2A8C0566D7}.Debug|x64.Build.0 = Debug|x64
		{9F5204AF-72FD-4197-A20E-7E2A8C0566D7}.Debug|x64.Deploy.0 = Debug|x64
		{9F5204AF-72FD-4197-A20E-7E2A8C0566D7}.Debug|x86.ActiveCfg = Debug|x86
		{9F5204AF-72FD-4197-A20E-7E2A8C0566D7}.Debug|x86.Build.0 = Debug|x86
		{9F5204AF-72FD-4197-A20E-7E2A8C0566D7}.Debug|x86.Deploy.0 = Debug|x86
		{9F5204AF-72FD-4197-A20E-7E2A8C0566D7}.Release|ARM.ActiveCfg = Release|ARM
		{9F5204AF-72FD-4197-A20E-7E2A8C0566D7}.Release|ARM.Build.0 = Release|ARM
		{9F5204AF-72FD-4197-A20E-7E2A8C0566D7}.Release|ARM.Deploy.0 = Release|ARM
		{9F5204AF-72FD-4197-A20E-7E2A8C0566D7}.Release|ARM64.ActiveCfg = Release|ARM64
		{9F5204AF-72FD-4197-A20E-7E2A8C0566D7}.Release|ARM64.Build.0 = Release|ARM64
		{9F5204AF-72FD-4197-A20E-7E2A8C0566D7}.Release|ARM64.Deploy.0 = Release|ARM64
		{9F5204AF-72FD-4197-A20E-7E2A8C0566D7}.Release|x64.ActiveCfg = Release|x64
		{9F5204AF-72FD-4197-A20E-7E2A8C0566D7}.Release|x64.Build.0 = Release|x64
		{9F5204AF-72FD-4197-A20E-7E2A8C0566D7}.Release|x64.Deploy.0 = Release|x64
		{9F5204AF-72FD-4197-A20E-7E2A8C0566D7}.Release|x86.ActiveCfg = Release|x86
		{9F5204AF-72FD-4197-A20E-7E2A8C0566D7}.Release|x86.Build.0 = Release|x86
		{9F5204AF-72FD-4197-A20E-7E2A8C0566D7}.Release|x86.Deploy.0 = Release|x86
		{602F2ED8-4072-4559-89F8-CE8A71EBD76C}.Debug|ARM.ActiveCfg = Debug|ARM
		{602F2ED8-4072-4559-89F8-CE8A71EBD76C}.Debug|ARM.Build.0 = Debug|ARM
		{602F2ED8-4072-4559-89F8-CE8A71EBD76C}.Debug|ARM.Deploy.0 = Debug|ARM
		{602F2ED8-4072-4559-89F8-CE8A71EBD76C}.Debug|ARM64.ActiveCfg = Debug|ARM64
		{602F2ED8-4072-4559-89F8-CE8A71EBD76C}.Debug|ARM64.Build.0 = Debug|ARM64
		{602F2ED8-4072-4559-89F8-CE8A71EBD76C}.Debug|ARM64.Deploy.0 = Debug|ARM64
		{602F2ED8-4072-4559-89F8-CE8A71EBD76C}.Debug|x64.ActiveCfg = Debug|x64
		{602F2ED8-4072-4559-89F8-CE8A71EBD76C}.Debug|x64.Build.0 = Debug|x64
		{602F2ED8-4072-4559-89F8-CE8A71EBD76C}.Debug|x64.Deploy.0 = Debug|x64
		{602F2ED8-4072-4559-89F8-CE8A71EBD76C}.Debug|x86.ActiveCfg = Debug|x86
		{602F2ED8-4072-4559-89F8-CE8A71EBD76C}.Debug|x86.Build.0 = Debug|x86
		{602F2ED8-4072-4559-89F8-CE8A71EBD76C}.Debug|x86.Deploy.0 = Debug|x86
		{602F2ED8-4072-4559-89F8-CE8A71EBD76C}.Release|ARM.ActiveCfg = Release|ARM
		{602F2ED8-4072-4559-89F8-CE8A71EBD76C}.Release|ARM.Build.0 = Release|ARM
		{602F2ED8-4072-4559-89F8-CE8A71EBD76C}.Release|ARM.Deploy.0 = Release|ARM
		{602F2ED8-4072-4559-89F8-CE8A71EBD76C}.Release|ARM64.ActiveCfg = Release|ARM64
		{602F2ED8-4072-4559-89F8-CE8A71EBD76C}.Release|ARM64.Build.0 = Release|ARM64
		{602F2ED8-4072-4559-89F8-CE8A71EBD76C}.Release|ARM64.Deploy.0 = Release|ARM64
		{602F2ED8-4072-4559-89F8-CE8A71EBD76C}.Release|x64.ActiveCfg = Release|x64
		{602F2ED8-4072-4559-89F8-CE8A71EBD76C}.Release|x64.Build.0 = Release|x64
		{602F2ED8-4072-4559-89F8-CE8A71EBD76C}.Release|x64.Deploy.0 = Release|x64
		{602F2ED8-4072-4559-89F8-CE8A71EBD76C}.Release|x86.ActiveCfg = Release|x86
		{602F2ED8-4072-4559-89F8-CE8A71EBD76C}.Release|x86.Build.0 = Release|x86
		{602F2ED8-4072-4559-89F8-CE8A71EBD76C}.Release|x86.Deploy.0 = Release|x86
		{59C3A00B-D233-415B-88D6-7070BED3A1C0}.Debug|ARM.ActiveCfg = Debug|ARM
		{59C3A00B-D233-415B-88D6-7070BED3A1C0}.Debug|ARM.Build.0 = Debug|ARM
		{59C3A00B-D233-415B-88D6-7070BED3A1C0}.Debug|ARM.Deploy.0 = Debug|ARM
		{59C3A00B-D233-415B-88D6-7070BED3A1C0}.Debug|ARM64.ActiveCfg = Debug|ARM64
		{59C3A00B-D233-415B-88D6-7070BED3A1C0}.Debug|ARM64.Build.0 = Debug|ARM64
		{59C3A00B-D233-415B-88D6-7070BED3A1C0}.Debug|ARM64.Deploy.0 = Debug|ARM64
		{59C3A00B-D233-415B-88D6-7070BED3A1C0}.Debug|x64.ActiveCfg = Debug|x64
		{59C3A00B-D233-415B-88D6-7070BED3A1C0}.Debug|x64.Build.0 = Debug|x64
		{59C3A00B-D233-415B-88D6-7070BED3A1C0}.Debug|x64.Deploy.0 = Debug|x64
		{59C3A00B-D233-415B-88D6-7070BED3A1C0}.Debug|x86.ActiveCfg = Debug|x86
		{59C3A00B-D233-415B-88D6-7070BED3A1C0}.Debug|x86.Build.0 = Debug|x86
		{59C3A00B-D233-415B-88D6-7070BED3A1C0}.Debug|x86.Deploy.0 = Debug|x86
		{59C3A00B-D233-415B-88D6-7070BED3A1C0}.Release|ARM.ActiveCfg = Release|ARM
		{59C3A00B-D233-415B-88D6-7070BED3A1C0}.Release|ARM.Build.0 = Release|ARM
		{59C3A00B-D233-415B-88D6-7070BED3A1C0}.Release|ARM.Deploy.0 = Release|ARM
		{59C3A00B-D233-415B-88D6-7070BED3A1C0}.Release|ARM64.ActiveCfg = Release|ARM64
		{59C3A00B-D233-415B-88D6-7070BED3A1C0}.Release|ARM64.Build.0 = Release|ARM64
		{59C3A00B-D233-415B-88D6-7070BED3A1C0}.Release|ARM64.Deploy.0 = Release|ARM64
		{59C3A00B-D233-415B-88D6-7070BED3A1C0}.Release|x64.ActiveCfg = Release|x64
		{59C3A00B-D233-415B-88D6-7070BED3A1C0}.Release|x64.Build.0 = Release|x64
		{59C3A00B-D233-415B-88D6-7070BED3A1C0}.Release|x64.Deploy.0 = Release|x64
		{59C3A00B-D233-415B-88D6-7070BED3A1C0}.Release|x86.ActiveCfg = Release|x86
		{59C3A00B-D233-415B-88D6-7070BED3A1C0}.Release|x86.Build.0 = Release|x86
		{59C3A00B-D233-415B-88D6-7070BED3A1C0}.Release|x86.Deploy.0 = Release|x86
		{B3FF565E-6C92-4428-9349-B4160D2017CF}.Debug|ARM.ActiveCfg = Debug|ARM
		{B3FF565E-6C92-4428-9349-B4160D2017CF}.Debug|ARM.Build.0 = Debug|ARM
		{B3FF565E-6C92-4428-9349-B4160D2017CF}.Debug|ARM.Deploy.0 = Debug|ARM
		{B3FF565E-6C92-4428-9349-B4160D2017CF}.Debug|ARM64.ActiveCfg = Debug|ARM64
		{B3FF565E-6C92-4428-9349-B4160D2017CF}.Debug|ARM64.Build.0 = Debug|ARM64
		{B3FF565E-6C92-4428-9349-B4160D2017CF}.Debug|ARM64.Deploy.0 = Debug|ARM64
		{B3FF565E-6C92-4428-9349-B4160D2017CF}.Debug|x64.ActiveCfg = Debug|x64
		{B3FF565E-6C92-4428-9349-B4160D2017CF}.Debug|x64.Build.0 = Debug|x64
		{B3FF565E-6C92-4428-9349-B4160D2017CF}.Debug|x64.Deploy.0 = Debug|x64
		{B3FF565E-6C92-4428-9349-B4160D2017CF}.Debug|x86.ActiveCfg = Debug|x86
		{B3FF565E-6C92-4428-9349-B4160D2017CF}.Debug|x86.Build.0 = Debug|x86
		{B3FF565E-6C92-4428-9349-B4160D2017CF}.Debug|x86.Deploy.0 = Debug|x86
		{B3FF565E-6C92-4428-9349-B4160D2017CF}.Release|ARM.ActiveCfg = Release|ARM
		{B3FF565E-6C92-4428-9349-B4160D2017CF}.Release|ARM.Build.0 = Release|ARM
		{B3FF565E-6C92-4428-9349-B4160D2017CF}.Release|ARM.Deploy.0 = Release|ARM
		{B3FF565E-6C92-4428-9349-B4160D2017CF}.Release|ARM64.ActiveCfg = Release|ARM64
		{B3FF565E-6C92-4428-9349-B4160D2017CF}.Release|ARM64.Build.0 = Release|ARM64
		{B3FF565E-6C92-4428-9349-B4160D2017CF}.Release|ARM64.Deploy.0 = Release|ARM64
		{B3FF565E-6C92-4428-9349-B4160D2017CF}.Release|x64.ActiveCfg = Release|x64
		{B3FF565E-6C92-4428-9349-B4160D2017CF}.Release|x64.Build.0 = Release|x64
		{B3FF565E-6C92-4428-9349-B4160D2017CF}.Release|x64.Deploy.0 = Release|x64
		{B3FF565E-6C92-4428-9349-B4160D2017CF}.Release|x86.ActiveCfg = Release|x86
		{B3FF565E-6C92-4428-9349-B4160D2017CF}.Release|x86.Build.0 = Release|x86
		{B3FF565E-6C92-4428-9349-B4160D2017CF}.Release|x86.Deploy.0 = Release|x86
		{F880D5D7-A051-4C84-B67E-06DF567A79DD}.Debug|ARM.ActiveCfg = Debug|ARM
		{F880D5D7-A051-4C84-B67E-06DF567A79DD}.Debug|ARM.Build.0 = Debug|ARM
		{F880D5D7-A051-4C84-B67E-06DF567A79DD}.Debug|ARM.Deploy.0 = Debug|ARM
		{F880D5D7-A051-4C84-B67E-06DF567A79DD}.Debug|ARM64.ActiveCfg = Debug|ARM64
		{F880D5D7-A051-4C84-B67E-06DF567A79DD}.Debug|ARM64.Build.0 = Debug|ARM64
		{F880D5D7-A051-4C84-B67E-06DF567A79DD}.Debug|ARM64.Deploy.0 = Debug|ARM64
		{F880D5D7-A051-4C84-B67E-06DF567A79DD}.Debug|x64.ActiveCfg = Debug|x64
		{F880D5D7-A051-4C84-B67E-06DF567A79DD}.Debug|x64.Build.0 = Debug|x64
		{F880D5D7-A051-4C84-B67E-06DF567A79DD}.Debug|x64.Deploy.0 = Debug|x64
		{F880D5D7-A051-4C84-B67E-06DF567A79DD}.Debug|x86.ActiveCfg = Debug|x86
		{F880D5D7-A051-4C84-B67E-06DF567A79DD}.Debug|x86.Build.0 = Debug|x86
		{F880D5D7-A051-4C84-B67E-06DF567A79DD}.Debug|x86.Deploy.0 = Debug|x86
		{F880D5D7-A051-4C84-B67E-06DF567A79DD}.Release|ARM.ActiveCfg = Release|ARM
		{F880D5D7-A051-4C84-B67E-06DF567A79DD}.Release|ARM.Build.0 = Release|ARM
		{F880D5D7-A051-4C84-B67E-06DF567A79DD}.Release|ARM.Deploy.0 = Release|ARM
		{F880D5D7-A051-4C84-B67E-06DF567A79DD}.Release|ARM64.ActiveCfg = Release|ARM64
		{F880D5D7-A051-4C84-B67E-06DF567A79DD}.Release|ARM64.Build.0 = Release|ARM64
		{F880D5D7-A051-4C84-B67E-06DF567A79DD}.Release|ARM64.Deploy.0 = Release|ARM64
		{F880D5D7-A051-4C84-B67E-06DF567A79DD}.Release|x64.ActiveCfg = Release|x64
		{F880D5D7-A051-4C84-B67E-06DF567A79DD}.Release|x64.Build.0 = Release|x64
		{F880D5D7-A051-4C84-B67E-06DF567A79DD}.Release|x64.Deploy.0 = Release|x64
		{F880D5D7-A051-4C84-B67E-06DF567A79DD}.Release|x86.ActiveCfg = Release|x86
		{F880D5D7-A051-4C84-B67E-06DF567A79DD}.Release|x86.Build.0 = Release|x86
		{F880D5D7-A051-4C84-B67E-06DF567A79DD}.Release|x86.Deploy.0 = Release|x86
		{ACA51ACA-40EC-4160-A588-A8956315FAA2}.Debug|ARM.ActiveCfg = Debug|ARM
		{ACA51ACA-40EC-4160-A588-A8956315FAA2}.Debug|ARM.Build.0 = Debug|ARM
		{ACA51ACA-40EC-4160-A588-A8956315FAA2}.Debug|ARM.Deploy.0 = Debug|ARM
		{ACA51ACA-40EC-4160-A588-A8956315FAA2}.Debug|ARM64.ActiveCfg = Debug|ARM64
		{ACA51ACA-40EC-4160-A588-A8956315FAA2}.Debug|ARM64.Build.0 = Debug|ARM64
		{ACA51ACA-40EC-4160-A588-A8956315FAA2}.Debug|ARM64.Deploy.0 = Debug|ARM64
		{ACA51ACA-40EC-4160-A588-A8956315FAA2}.Debug|x64.ActiveCfg = Debug|x64
		{ACA51ACA-40EC-4160-A588-A8956315FAA2}.Debug|x64.Build.0 = Debug|x64
		{ACA51ACA-40EC-4160-A588-A8956315FAA2}.Debug|x64.Deploy.0 = Debug|x64
		{ACA51ACA-40EC-4160-A588-A8956315FAA2}.Debug|x86.ActiveCfg = Debug|x86
		{ACA51ACA-40EC-4160-A588-A8956315FAA2}.Debug|x86.Build.0 = Debug|x86
		{ACA51ACA-40EC-4160-A588-A8956315FAA2}.Debug|x86.Deploy.0 = Debug|x86
		{ACA51ACA-40EC-4160-A588-A8956315FAA2}.Release|ARM.ActiveCfg = Release|ARM
		{ACA51ACA-40EC-4160-A588-A8956315FAA2}.Release|ARM.Build.0 = Release|ARM
		{ACA51ACA-40EC-4160-A588-A8956315FAA2}.Release|ARM.Deploy.0 = Release|ARM
		{ACA51ACA-40EC-4160-A588-A8956315FAA2}.Release|ARM64.ActiveCfg = Release|ARM64
		{ACA51ACA-40EC-4160-A588-A8956315FAA2}.Release|ARM64.Build.0 = Release|ARM64
		{ACA51ACA-40EC-4160-A588-A8956315FAA2}.Release|ARM64.Deploy.0 = Release|ARM64
		{ACA51ACA-40EC-4160-A588-A8956315FAA2}.Release|x64.ActiveCfg = Release|x64
		{ACA51ACA-40EC-4160-A588-A8956315FAA2}.Release|x64.Build.0 = Release|x64
		{ACA51ACA-40EC-4160-A588-A8956315FAA2}.Release|x64.Deploy.0 = Release|x64
		{ACA51ACA-40EC-4160-A588-A8956315FAA2}.Release|x86.ActiveCfg = Release|x86
		{ACA51ACA-40EC-4160-A588-A8956315FAA2}.Release|x86.Build.0 = Release|x86
		{ACA51ACA-40EC-4160-A588-A8956315FAA2}.Release|x86.Deploy.0 = Release|x86
		{040CC128-5EE1-4B6C-8492-5F74E2D76AAF}.Debug|ARM.ActiveCfg = Debug|ARM
		{040CC128-5EE1-4B6C-8492-5F74E2D76AAF}.Debug|ARM.Build.0 = Debug|ARM
		{040CC128-5EE1-4B6C-8492-5F74E2D76AAF}.Debug|ARM.Deploy.0 = Debug|ARM
		{040CC128-5EE1-4B6C-8492-5F74E2D76AAF}.Debug|ARM64.ActiveCfg = Debug|ARM64
		{040CC128-5EE1-4B6C-8492-5F74E2D76AAF}.Debug|ARM64.Build.0 = Debug|ARM64
		{040CC128-5EE1-4B6C-8492-5F74E2D76AAF}.Debug|ARM64.Deploy.0 = Debug|ARM64
		{040CC128-5EE1-4B6C-8492-5F74E2D76AAF}.Debug|x64.ActiveCfg = Debug|x64
		{040CC128-5EE1-4B6C-8492-5F74E2D76AAF}.Debug|x64.Build.0 = Debug|x64
		{040CC128-5EE1-4B6C-8492-5F74E2D76AAF}.Debug|x64.Deploy.0 = Debug|x64
		{040CC128-5EE1-4B6C-8492-5F74E2D76AAF}.Debug|x86.ActiveCfg = Debug|x86
		{040CC128-5EE1-4B6C-8492-5F74E2D76AAF}.Debug|x86.Build.0 = Debug|x86
		{040CC128-5EE1-4B6C-8492-5F74E2D76AAF}.Debug|x86.Deploy.0 = Debug|x86
		{040CC128-5EE1-4B6C-8492-5F74E2D76AAF}.Release|ARM.ActiveCfg = Release|ARM
		{040CC128-5EE1-4B6C-8492-5F74E2D76AAF}.Release|ARM.Build.0 = Release|ARM
		{040CC128-5EE1-4B6C-8492-5F74E2D76AAF}.Release|ARM.Deploy.0 = Release|ARM
		{040CC128-5EE1-4B6C-8492-5F74E2D76AAF}.Release|ARM64.ActiveCfg = Release|ARM64
		{040CC128-5EE1-4B6C-8492-5F74E2D76AAF}.Release|ARM64.Build.0 = Release|ARM64
		{040CC128-5EE1-4B6C-8492-5F74E2D76AAF}.Release|ARM64.Deploy.0 = Release|ARM64
		{040CC128-5EE1-4B6C-8492-5F74E2D76AAF}.Release|x64.ActiveCfg = Release|x64
		{040CC128-5EE1-4B6C-8492-5F74E2D76AAF}.Release|x64.Build.0 = Release|x64
		{040CC128-5EE1-4B6C-8492-5F74E2D76AAF}.Release|x64.Deploy.0 = Release|x64
		{040CC128-5EE1-4B6C-8492-5F74E2D76AAF}.Release|x86.ActiveCfg = Release|x86
		{040CC128-5EE1-4B6C-8492-5F74E2D76AAF}.Release|x86.Build.0 = Release|x86
		{040CC128-5EE1-4B6C-8492-5F74E2D76AAF}.Release|x86.Deploy.0 = Release|x86
		{0E96D87F-83FE-4B03-A93D-18B98FA917FA}.Debug|ARM.ActiveCfg = Debug|ARM
		{0E96D87F-83FE-4B03-A93D-18B98FA917FA}.Debug|ARM.Build.0 = Debug|ARM
		{0E96D87F-83FE-4B03-A93D-18B98FA917FA}.Debug|ARM.Deploy.0 = Debug|ARM
		{0E96D87F-83FE-4B03-A93D-18B98FA917FA}.Debug|ARM64.ActiveCfg = Debug|ARM64
		{0E96D87F-83FE-4B03-A93D-18B98FA917FA}.Debug|ARM64.Build.0 = Debug|ARM64
		{0E96D87F-83FE-4B03-A93D-18B98FA917FA}.Debug|ARM64.Deploy.0 = Debug|ARM64
		{0E96D87F-83FE-4B03-A93D-18B98FA917FA}.Debug|x64.ActiveCfg = Debug|x64
		{0E96D87F-83FE-4B03-A93D-18B98FA917FA}.Debug|x64.Build.0 = Debug|x64
		{0E96D87F-83FE-4B03-A93D-18B98FA917FA}.Debug|x64.Deploy.0 = Debug|x64
		{0E96D87F-83FE-4B03-A93D-18B98FA917FA}.Debug|x86.ActiveCfg = Debug|x86
		{0E96D87F-83FE-4B03-A93D-18B98FA917FA}.Debug|x86.Build.0 = Debug|x86
		{0E96D87F-83FE-4B03-A93D-18B98FA917FA}.Debug|x86.Deploy.0 = Debug|x86
		{0E96D87F-83FE-4B03-A93D-18B98FA917FA}.Release|ARM.ActiveCfg = Release|ARM
		{0E96D87F-83FE-4B03-A93D-18B98FA917FA}.Release|ARM.Build.0 = Release|ARM
		{0E96D87F-83FE-4B03-A93D-18B98FA917FA}.Release|ARM.Deploy.0 = Release|ARM
		{0E96D87F-83FE-4B03-A93D-18B98FA917FA}.Release|ARM64.ActiveCfg = Release|ARM64
		{0E96D87F-83FE-4B03-A93D-18B98FA917FA}.Release|ARM64.Build.0 = Release|ARM64
		{0E96D87F-83FE-4B03-A93D-18B98FA917FA}.Release|ARM64.Deploy.0 = Release|ARM64
		{0E96D87F-83FE-4B03-A93D-18B98FA917FA}.Release|x64.ActiveCfg = Release|x64
		{0E96D87F-83FE-4B03-A93D-18B98FA917FA}.Release|x64.Build.0 = Release|x64
		{0E96D87F-83FE-4B03-A93D-18B98FA917FA}.Release|x64.Deploy.0 = Release|x64
		{0E96D87F-83FE-4B03-A93D-18B98FA917FA}.Release|x86.ActiveCfg = Release|x86
		{0E96D87F-83FE-4B03-A93D-18B98FA917FA}.Release|x86.Build.0 = Release|x86
		{0E96D87F-83FE-4B03-A93D-18B98FA917FA}.Release|x86.Deploy.0 = Release|x86
		{99E0CB49-6540-43D6-AC68-94D35439A4FF}.Debug|ARM.ActiveCfg = Debug|ARM
		{99E0CB49-6540-43D6-AC68-94D35439A4FF}.Debug|ARM.Build.0 = Debug|ARM
		{99E0CB49-6540-43D6-AC68-94D35439A4FF}.Debug|ARM.Deploy.0 = Debug|ARM
		{99E0CB49-6540-43D6-AC68-94D35439A4FF}.Debug|ARM64.ActiveCfg = Debug|ARM64
		{99E0CB49-6540-43D6-AC68-94D35439A4FF}.Debug|ARM64.Build.0 = Debug|ARM64
		{99E0CB49-6540-43D6-AC68-94D35439A4FF}.Debug|ARM64.Deploy.0 = Debug|ARM64
		{99E0CB49-6540-43D6-AC68-94D35439A4FF}.Debug|x64.ActiveCfg = Debug|x64
		{99E0CB49-6540-43D6-AC68-94D35439A4FF}.Debug|x64.Build.0 = Debug|x64
		{99E0CB49-6540-43D6-AC68-94D35439A4FF}.Debug|x64.Deploy.0 = Debug|x64
		{99E0CB49-6540-43D6-AC68-94D35439A4FF}.Debug|x86.ActiveCfg = Debug|x86
		{99E0CB49-6540-43D6-AC68-94D35439A4FF}.Debug|x86.Build.0 = Debug|x86
		{99E0CB49-6540-43D6-AC68-94D35439A4FF}.Debug|x86.Deploy.0 = Debug|x86
		{99E0CB49-6540-43D6-AC68-94D35439A4FF}.Release|ARM.ActiveCfg = Release|ARM
		{99E0CB49-6540-43D6-AC68-94D35439A4FF}.Release|ARM.Build.0 = Release|ARM
		{99E0CB49-6540-43D6-AC68-94D35439A4FF}.Release|ARM.Deploy.0 = Release|ARM
		{99E0CB49-6540-43D6-AC68-94D35439A4FF}.Release|ARM64.ActiveCfg = Release|ARM64
		{99E0CB49-6540-43D6-AC68-94D35439A4FF}.Release|ARM64.Build.0 = Release|ARM64
		{99E0CB49-6540-43D6-AC68-94D35439A4FF}.Release|ARM64.Deploy.0 = Release|ARM64
		{99E0CB49-6540-43D6-AC68-94D35439A4FF}.Release|x64.ActiveCfg = Release|x64
		{99E0CB49-6540-43D6-AC68-94D35439A4FF}.Release|x64.Build.0 = Release|x64
		{99E0CB49-6540-43D6-AC68-94D35439A4FF}.Release|x64.Deploy.0 = Release|x64
		{99E0CB49-6540-43D6-AC68-94D35439A4FF}.Release|x86.ActiveCfg = Release|x86
		{99E0CB49-6540-43D6-AC68-94D35439A4FF}.Release|x86.Build.0 = Release|x86
		{99E0CB49-6540-43D6-AC68-94D35439A4FF}.Release|x86.Deploy.0 = Release|x86
		{84B90C54-A21F-43A6-980A-C9046BC77D88}.Debug|ARM.ActiveCfg = Debug|ARM
		{84B90C54-A21F-43A6-980A-C9046BC77D88}.Debug|ARM.Build.0 = Debug|ARM
		{84B90C54-A21F-43A6-980A-C9046BC77D88}.Debug|ARM.Deploy.0 = Debug|ARM
		{84B90C54-A21F-43A6-980A-C9046BC77D88}.Debug|ARM64.ActiveCfg = Debug|ARM64
		{84B90C54-A21F-43A6-980A-C9046BC77D88}.Debug|ARM64.Build.0 = Debug|ARM64
		{84B90C54-A21F-43A6-980A-C9046BC77D88}.Debug|ARM64.Deploy.0 = Debug|ARM64
		{84B90C54-A21F-43A6-980A-C9046BC77D88}.Debug|x64.ActiveCfg = Debug|x64
		{84B90C54-A21F-43A6-980A-C9046BC77D88}.Debug|x64.Build.0 = Debug|x64
		{84B90C54-A21F-43A6-980A-C9046BC77D88}.Debug|x64.Deploy.0 = Debug|x64
		{84B90C54-A21F-43A6-980A-C9046BC77D88}.Debug|x86.ActiveCfg = Debug|x86
		{84B90C54-A21F-43A6-980A-C9046BC77D88}.Debug|x86.Build.0 = Debug|x86
		{84B90C54-A21F-43A6-980A-C9046BC77D88}.Debug|x86.Deploy.0 = Debug|x86
		{84B90C54-A21F-43A6-980A-C9046BC77D88}.Release|ARM.ActiveCfg = Release|ARM
		{84B90C54-A21F-43A6-980A-C9046BC77D88}.Release|ARM.Build.0 = Release|ARM
		{84B90C54-A21F-43A6-980A-C9046BC77D88}.Release|ARM.Deploy.0 = Release|ARM
		{84B90C54-A21F-43A6-980A-C9046BC77D88}.Release|ARM64.ActiveCfg = Release|ARM64
		{84B90C54-A21F-43A6-980A-C9046BC77D88}.Release|ARM64.Build.0 = Release|ARM64
		{84B90C54-A21F-43A6-980A-C9046BC77D88}.Release|ARM64.Deploy.0 = Release|ARM64
		{84B90C54-A21F-43A6-980A-C9046BC77D88}.Release|x64.ActiveCfg = Release|x64
		{84B90C54-A21F-43A6-980A-C9046BC77D88}.Release|x64.Build.0 = Release|x64
		{84B90C54-A21F-43A6-980A-C9046BC77D88}.Release|x64.Deploy.0 = Release|x64
		{84B90C54-A21F-43A6-980A-C9046BC77D88}.Release|x86.ActiveCfg = Release|x86
		{84B90C54-A21F-43A6-980A-C9046BC77D88}.Release|x86.Build.0 = Release|x86
		{84B90C54-A21F-43A6-980A-C9046BC77D88}.Release|x86.Deploy.0 = Release|x86
		{949C0CC4-AA5C-48B5-B0E4-11DF512E6B37}.Debug|ARM.ActiveCfg = Debug|ARM
		{949C0CC4-AA5C-48B5-B0E4-11DF512E6B37}.Debug|ARM.Build.0 = Debug|ARM
		{949C0CC4-AA5C-48B5-B0E4-11DF512E6B37}.Debug|ARM.Deploy.0 = Debug|ARM
		{949C0CC4-AA5C-48B5-B0E4-11DF512E6B37}.Debug|ARM64.ActiveCfg = Debug|ARM64
		{949C0CC4-AA5C-48B5-B0E4-11DF512E6B37}.Debug|ARM64.Build.0 = Debug|ARM64
		{949C0CC4-AA5C-48B5-B0E4-11DF512E6B37}.Debug|ARM64.Deploy.0 = Debug|ARM64
		{949C0CC4-AA5C-48B5-B0E4-11DF512E6B37}.Debug|x64.ActiveCfg = Debug|x64
		{949C0CC4-AA5C-48B5-B0E4-11DF512E6B37}.Debug|x64.Build.0 = Debug|x64
		{949C0CC4-AA5C-48B5-B0E4-11DF512E6B37}.Debug|x64.Deploy.0 = Debug|x64
		{949C0CC4-AA5C-48B5-B0E4-11DF512E6B37}.Debug|x86.ActiveCfg = Debug|x86
		{949C0CC4-AA5C-48B5-B0E4-11DF512E6B37}.Debug|x86.Build.0 = Debug|x86
		{949C0CC4-AA5C-48B5-B0E4-11DF512E6B37}.Debug|x86.Deploy.0 = Debug|x86
		{949C0CC4-AA5C-48B5-B0E4-11DF512E6B37}.Release|ARM.ActiveCfg = Release|ARM
		{949C0CC4-AA5C-48B5-B0E4-11DF512E6B37}.Release|ARM.Build.0 = Release|ARM
		{949C0CC4-AA5C-48B5-B0E4-11DF512E6B37}.Release|ARM.Deploy.0 = Release|ARM
		{949C0CC4-AA5C-48B5-B0E4-11DF512E6B37}.Release|ARM64.ActiveCfg = Release|ARM64
		{949C0CC4-AA5C-48B5-B0E4-11DF512E6B37}.Release|ARM64.Build.0 = Release|ARM64
		{949C0CC4-AA5C-48B5-B0E4-11DF512E6B37}.Release|ARM64.Deploy.0 = Release|ARM64
		{949C0CC4-AA5C-48B5-B0E4-11DF512E6B37}.Release|x64.ActiveCfg = Release|x64
		{949C0CC4-AA5C-48B5-B0E4-11DF512E6B37}.Release|x64.Build.0 = Release|x64
		{949C0CC4-AA5C-48B5-B0E4-11DF512E6B37}.Release|x64.Deploy.0 = Release|x64
		{949C0CC4-AA5C-48B5-B0E4-11DF512E6B37}.Release|x86.ActiveCfg = Release|x86
		{949C0CC4-AA5C-48B5-B0E4-11DF512E6B37}.Release|x86.Build.0 = Release|x86
		{949C0CC4-AA5C-48B5-B0E4-11DF512E6B37}.Release|x86.Deploy.0 = Release|x86
	EndGlobalSection
	GlobalSection(SolutionProperties) = preSolution
		HideSolutionNode = FALSE
	EndGlobalSection
	GlobalSection(ExtensibilityGlobals) = postSolution
		SolutionGuid = {A7511365-985A-4105-9399-C2E2CE1E6EDC}
	EndGlobalSection
EndGlobal
